
Microsoft Visual Studio Solution File, Format Version 12.00
# Visual Studio 14
VisualStudioVersion = 14.0.22823.1
MinimumVisualStudioVersion = 10.0.40219.1
Project("{FAE04EC0-301F-11D3-BF4B-00C04F79EFBC}") = "CardGame", "CardGame\CardGame.csproj", "{ACF5F736-645B-4944-8390-D2024BD9A7E4}"
EndProject
Project("{FAE04EC0-301F-11D3-BF4B-00C04F79EFBC}") = "Blackjack", "Blackjack\Blackjack.csproj", "{B0D87CFD-DCB4-484A-B4B4-F5B95DBDF75C}"
EndProject
Global
	GlobalSection(SolutionConfigurationPlatforms) = preSolution
		Debug|Any CPU = Debug|Any CPU
		Release|Any CPU = Release|Any CPU
	EndGlobalSection
	GlobalSection(ProjectConfigurationPlatforms) = postSolution
		{ACF5F736-645B-4944-8390-D2024BD9A7E4}.Debug|Any CPU.ActiveCfg = Debug|Any CPU
		{ACF5F736-645B-4944-8390-D2024BD9A7E4}.Debug|Any CPU.Build.0 = Debug|Any CPU
		{ACF5F736-645B-4944-8390-D2024BD9A7E4}.Release|Any CPU.ActiveCfg = Release|Any CPU
		{ACF5F736-645B-4944-8390-D2024BD9A7E4}.Release|Any CPU.Build.0 = Release|Any CPU
		{B0D87CFD-DCB4-484A-B4B4-F5B95DBDF75C}.Debug|Any CPU.ActiveCfg = Debug|Any CPU
		{B0D87CFD-DCB4-484A-B4B4-F5B95DBDF75C}.Debug|Any CPU.Build.0 = Debug|Any CPU
		{B0D87CFD-DCB4-484A-B4B4-F5B95DBDF75C}.Release|Any CPU.ActiveCfg = Release|Any CPU
		{B0D87CFD-DCB4-484A-B4B4-F5B95DBDF75C}.Release|Any CPU.Build.0 = Release|Any CPU
	EndGlobalSection
	GlobalSection(SolutionProperties) = preSolution
		HideSolutionNode = FALSE
	EndGlobalSection
EndGlobal
